
Microsoft Visual Studio Solution File, Format Version 12.00
# Visual Studio 15
VisualStudioVersion = 15.0.28307.329
MinimumVisualStudioVersion = 10.0.40219.1
Project("{FAE04EC0-301F-11D3-BF4B-00C04F79EFBC}") = "TrocaValor", "TrocaValor\TrocaValor.csproj", "{3F0FF6EA-EAFF-45B5-A2E6-C9E8F141A147}"
EndProject
Project("{FAE04EC0-301F-11D3-BF4B-00C04F79EFBC}") = "RestoDaDivisao", "RestoDaDivisao\RestoDaDivisao.csproj", "{09349118-FEF6-4704-99E9-38F94EF7A7F8}"
EndProject
Global
	GlobalSection(SolutionConfigurationPlatforms) = preSolution
		Debug|Any CPU = Debug|Any CPU
		Release|Any CPU = Release|Any CPU
	EndGlobalSection
	GlobalSection(ProjectConfigurationPlatforms) = postSolution
		{3F0FF6EA-EAFF-45B5-A2E6-C9E8F141A147}.Debug|Any CPU.ActiveCfg = Debug|Any CPU
		{3F0FF6EA-EAFF-45B5-A2E6-C9E8F141A147}.Debug|Any CPU.Build.0 = Debug|Any CPU
		{3F0FF6EA-EAFF-45B5-A2E6-C9E8F141A147}.Release|Any CPU.ActiveCfg = Release|Any CPU
		{3F0FF6EA-EAFF-45B5-A2E6-C9E8F141A147}.Release|Any CPU.Build.0 = Release|Any CPU
		{09349118-FEF6-4704-99E9-38F94EF7A7F8}.Debug|Any CPU.ActiveCfg = Debug|Any CPU
		{09349118-FEF6-4704-99E9-38F94EF7A7F8}.Debug|Any CPU.Build.0 = Debug|Any CPU
		{09349118-FEF6-4704-99E9-38F94EF7A7F8}.Release|Any CPU.ActiveCfg = Release|Any CPU
		{09349118-FEF6-4704-99E9-38F94EF7A7F8}.Release|Any CPU.Build.0 = Release|Any CPU
	EndGlobalSection
	GlobalSection(SolutionProperties) = preSolution
		HideSolutionNode = FALSE
	EndGlobalSection
	GlobalSection(ExtensibilityGlobals) = postSolution
		SolutionGuid = {2F32A058-00D5-4ECD-90D8-58538EE0D622}
	EndGlobalSection
EndGlobal
