
Microsoft Visual Studio Solution File, Format Version 12.00
# Visual Studio 15
VisualStudioVersion = 15.0.28307.329
MinimumVisualStudioVersion = 10.0.40219.1
Project("{FAE04EC0-301F-11D3-BF4B-00C04F79EFBC}") = "AntecessorSucessor", "AntecessorSucessor\AntecessorSucessor.csproj", "{5FDA741C-4317-4AB2-81E8-987A1140301A}"
EndProject
Global
	GlobalSection(SolutionConfigurationPlatforms) = preSolution
		Debug|Any CPU = Debug|Any CPU
		Release|Any CPU = Release|Any CPU
	EndGlobalSection
	GlobalSection(ProjectConfigurationPlatforms) = postSolution
		{5FDA741C-4317-4AB2-81E8-987A1140301A}.Debug|Any CPU.ActiveCfg = Debug|Any CPU
		{5FDA741C-4317-4AB2-81E8-987A1140301A}.Debug|Any CPU.Build.0 = Debug|Any CPU
		{5FDA741C-4317-4AB2-81E8-987A1140301A}.Release|Any CPU.ActiveCfg = Release|Any CPU
		{5FDA741C-4317-4AB2-81E8-987A1140301A}.Release|Any CPU.Build.0 = Release|Any CPU
	EndGlobalSection
	GlobalSection(SolutionProperties) = preSolution
		HideSolutionNode = FALSE
	EndGlobalSection
	GlobalSection(ExtensibilityGlobals) = postSolution
		SolutionGuid = {8CADE3F9-E108-4DAB-B4D8-D2D2C7B91857}
	EndGlobalSection
EndGlobal
