
Microsoft Visual Studio Solution File, Format Version 12.00
# Visual Studio 15
VisualStudioVersion = 15.0.28307.329
MinimumVisualStudioVersion = 10.0.40219.1
Project("{FAE04EC0-301F-11D3-BF4B-00C04F79EFBC}") = "JogoDoisOuUm", "JogoDoisOuUm\JogoDoisOuUm.csproj", "{9ED626ED-C779-4ADF-911B-5D338AE8C161}"
EndProject
Global
	GlobalSection(SolutionConfigurationPlatforms) = preSolution
		Debug|Any CPU = Debug|Any CPU
		Release|Any CPU = Release|Any CPU
	EndGlobalSection
	GlobalSection(ProjectConfigurationPlatforms) = postSolution
		{9ED626ED-C779-4ADF-911B-5D338AE8C161}.Debug|Any CPU.ActiveCfg = Debug|Any CPU
		{9ED626ED-C779-4ADF-911B-5D338AE8C161}.Debug|Any CPU.Build.0 = Debug|Any CPU
		{9ED626ED-C779-4ADF-911B-5D338AE8C161}.Release|Any CPU.ActiveCfg = Release|Any CPU
		{9ED626ED-C779-4ADF-911B-5D338AE8C161}.Release|Any CPU.Build.0 = Release|Any CPU
	EndGlobalSection
	GlobalSection(SolutionProperties) = preSolution
		HideSolutionNode = FALSE
	EndGlobalSection
	GlobalSection(ExtensibilityGlobals) = postSolution
		SolutionGuid = {0CB40D64-66E2-4F0B-8CCA-099D9709D071}
	EndGlobalSection
EndGlobal
